
Microsoft Visual Studio Solution File, Format Version 12.00
# Visual Studio Version 16
VisualStudioVersion = 16.0.32106.194
MinimumVisualStudioVersion = 10.0.40219.1
Project("{FAE04EC0-301F-11D3-BF4B-00C04F79EFBC}") = "DirectoriesAndFiles", "DirectoriesAndFiles\DirectoriesAndFiles.csproj", "{C8E8CDBD-08EC-4B4C-B82D-C35581D2AC1D}"
EndProject
Project("{FAE04EC0-301F-11D3-BF4B-00C04F79EFBC}") = "WishList", "WishList\WishList.csproj", "{09161C81-3658-4B43-8502-EFC55CDCC560}"
EndProject
Project("{FAE04EC0-301F-11D3-BF4B-00C04F79EFBC}") = "MyWishListFile", "MyWishListFile\MyWishListFile.csproj", "{B27E672B-E738-4084-8177-AA05C20F42C4}"
EndProject
Project("{FAE04EC0-301F-11D3-BF4B-00C04F79EFBC}") = "MyShopingList1", "MyShopingList1\MyShopingList1.csproj", "{062A73ED-2C07-451A-AB59-A361FB607E8E}"
EndProject
Project("{FAE04EC0-301F-11D3-BF4B-00C04F79EFBC}") = "MyShopingList2", "MyShopingList2\MyShopingList2.csproj", "{2A42E58F-CDDF-41C0-9E18-638411202963}"
EndProject
Global
	GlobalSection(SolutionConfigurationPlatforms) = preSolution
		Debug|Any CPU = Debug|Any CPU
		Release|Any CPU = Release|Any CPU
	EndGlobalSection
	GlobalSection(ProjectConfigurationPlatforms) = postSolution
		{C8E8CDBD-08EC-4B4C-B82D-C35581D2AC1D}.Debug|Any CPU.ActiveCfg = Debug|Any CPU
		{C8E8CDBD-08EC-4B4C-B82D-C35581D2AC1D}.Debug|Any CPU.Build.0 = Debug|Any CPU
		{C8E8CDBD-08EC-4B4C-B82D-C35581D2AC1D}.Release|Any CPU.ActiveCfg = Release|Any CPU
		{C8E8CDBD-08EC-4B4C-B82D-C35581D2AC1D}.Release|Any CPU.Build.0 = Release|Any CPU
		{09161C81-3658-4B43-8502-EFC55CDCC560}.Debug|Any CPU.ActiveCfg = Debug|Any CPU
		{09161C81-3658-4B43-8502-EFC55CDCC560}.Debug|Any CPU.Build.0 = Debug|Any CPU
		{09161C81-3658-4B43-8502-EFC55CDCC560}.Release|Any CPU.ActiveCfg = Release|Any CPU
		{09161C81-3658-4B43-8502-EFC55CDCC560}.Release|Any CPU.Build.0 = Release|Any CPU
		{B27E672B-E738-4084-8177-AA05C20F42C4}.Debug|Any CPU.ActiveCfg = Debug|Any CPU
		{B27E672B-E738-4084-8177-AA05C20F42C4}.Debug|Any CPU.Build.0 = Debug|Any CPU
		{B27E672B-E738-4084-8177-AA05C20F42C4}.Release|Any CPU.ActiveCfg = Release|Any CPU
		{B27E672B-E738-4084-8177-AA05C20F42C4}.Release|Any CPU.Build.0 = Release|Any CPU
		{062A73ED-2C07-451A-AB59-A361FB607E8E}.Debug|Any CPU.ActiveCfg = Debug|Any CPU
		{062A73ED-2C07-451A-AB59-A361FB607E8E}.Debug|Any CPU.Build.0 = Debug|Any CPU
		{062A73ED-2C07-451A-AB59-A361FB607E8E}.Release|Any CPU.ActiveCfg = Release|Any CPU
		{062A73ED-2C07-451A-AB59-A361FB607E8E}.Release|Any CPU.Build.0 = Release|Any CPU
		{2A42E58F-CDDF-41C0-9E18-638411202963}.Debug|Any CPU.ActiveCfg = Debug|Any CPU
		{2A42E58F-CDDF-41C0-9E18-638411202963}.Debug|Any CPU.Build.0 = Debug|Any CPU
		{2A42E58F-CDDF-41C0-9E18-638411202963}.Release|Any CPU.ActiveCfg = Release|Any CPU
		{2A42E58F-CDDF-41C0-9E18-638411202963}.Release|Any CPU.Build.0 = Release|Any CPU
	EndGlobalSection
	GlobalSection(SolutionProperties) = preSolution
		HideSolutionNode = FALSE
	EndGlobalSection
	GlobalSection(ExtensibilityGlobals) = postSolution
		SolutionGuid = {5908FB39-84BB-441B-82C4-07BC2AB17D7F}
	EndGlobalSection
EndGlobal
